
Microsoft Visual Studio Solution File, Format Version 12.00
# Visual Studio 15
VisualStudioVersion = 15.0.28307.852
MinimumVisualStudioVersion = 10.0.40219.1
Project("{FAE04EC0-301F-11D3-BF4B-00C04F79EFBC}") = "WpfApp1", "WpfApp1\WpfApp1.csproj", "{B6A68B79-E95F-4772-8C26-3D19D6BC5105}"
EndProject
Project("{FAE04EC0-301F-11D3-BF4B-00C04F79EFBC}") = "DataLayer", "DataLayer\DataLayer.csproj", "{4EEA220C-3816-4487-9632-6BA9C596F52E}"
EndProject
Project("{FAE04EC0-301F-11D3-BF4B-00C04F79EFBC}") = "ConsoleApp1", "ConsoleApp1\ConsoleApp1.csproj", "{48BEB40A-E36F-4EBA-8B81-5F33FAE7A91C}"
EndProject
Global
	GlobalSection(SolutionConfigurationPlatforms) = preSolution
		Debug|Any CPU = Debug|Any CPU
		Release|Any CPU = Release|Any CPU
	EndGlobalSection
	GlobalSection(ProjectConfigurationPlatforms) = postSolution
		{B6A68B79-E95F-4772-8C26-3D19D6BC5105}.Debug|Any CPU.ActiveCfg = Debug|Any CPU
		{B6A68B79-E95F-4772-8C26-3D19D6BC5105}.Debug|Any CPU.Build.0 = Debug|Any CPU
		{B6A68B79-E95F-4772-8C26-3D19D6BC5105}.Release|Any CPU.ActiveCfg = Release|Any CPU
		{B6A68B79-E95F-4772-8C26-3D19D6BC5105}.Release|Any CPU.Build.0 = Release|Any CPU
		{4EEA220C-3816-4487-9632-6BA9C596F52E}.Debug|Any CPU.ActiveCfg = Debug|Any CPU
		{4EEA220C-3816-4487-9632-6BA9C596F52E}.Debug|Any CPU.Build.0 = Debug|Any CPU
		{4EEA220C-3816-4487-9632-6BA9C596F52E}.Release|Any CPU.ActiveCfg = Release|Any CPU
		{4EEA220C-3816-4487-9632-6BA9C596F52E}.Release|Any CPU.Build.0 = Release|Any CPU
		{48BEB40A-E36F-4EBA-8B81-5F33FAE7A91C}.Debug|Any CPU.ActiveCfg = Debug|Any CPU
		{48BEB40A-E36F-4EBA-8B81-5F33FAE7A91C}.Debug|Any CPU.Build.0 = Debug|Any CPU
		{48BEB40A-E36F-4EBA-8B81-5F33FAE7A91C}.Release|Any CPU.ActiveCfg = Release|Any CPU
		{48BEB40A-E36F-4EBA-8B81-5F33FAE7A91C}.Release|Any CPU.Build.0 = Release|Any CPU
	EndGlobalSection
	GlobalSection(SolutionProperties) = preSolution
		HideSolutionNode = FALSE
	EndGlobalSection
	GlobalSection(ExtensibilityGlobals) = postSolution
		SolutionGuid = {16A20532-DB2A-4EBA-976A-08C840353C2E}
	EndGlobalSection
EndGlobal
